// !$*UTF8*$!
{
	archiveVersion = 1;
	classes = {
	};
	objectVersion = 77;
	objects = {

/* Begin PBXBuildFile section */
		07A5C7C984CD07E27F1D9CCE /* ArticleView.swift in Sources */ = {isa = PBXBuildFile; fileRef = CE8C30FB9465701CCD476FE5 /* ArticleView.swift */; };
		105023448514C3FCC6015A94 /* MainTabView.swift in Sources */ = {isa = PBXBuildFile; fileRef = 6A04F0519598EE4BAAF1557C /* MainTabView.swift */; };
		127E09B57F30910A82578417 /* LocalLibraryUITests.swift in Sources */ = {isa = PBXBuildFile; fileRef = 8FD692757B7C347A5C2BDD29 /* LocalLibraryUITests.swift */; };
		138B6760503FFEAD1AD323C9 /* Glance.swift in Sources */ = {isa = PBXBuildFile; fileRef = 82260F0564F0916912CA9610 /* Glance.swift */; };
		1BE966468E3929309EC3E856 /* Assets.xcassets in Resources */ = {isa = PBXBuildFile; fileRef = 547BB3F69F49024BA65F0A6F /* Assets.xcassets */; };
		1D211E57B19AB93D14A23D11 /* Keychain.swift in Sources */ = {isa = PBXBuildFile; fileRef = E4B64DEB1E6CF6BE639C8433 /* Keychain.swift */; };
		241FF41B2764A040F6F901C6 /* Session.swift in Sources */ = {isa = PBXBuildFile; fileRef = 9D81815F02D951B683871555 /* Session.swift */; };
		345B92D540B25F9CCE51DE8F /* WidgetUITests.swift in Sources */ = {isa = PBXBuildFile; fileRef = 4AFBD2AF69D4E3C3D7CF7E51 /* WidgetUITests.swift */; };
		3CC263518A8DB08FE7FE3A01 /* AppearanceSettingsView.swift in Sources */ = {isa = PBXBuildFile; fileRef = 659C049AD8C502121851289D /* AppearanceSettingsView.swift */; };
		467A098C9959101B6914679F /* Reader.swift in Sources */ = {isa = PBXBuildFile; fileRef = 9BFE3507078C2399F4F0E88D /* Reader.swift */; };
		49CB1B63982C5321FC47CE2A /* NotificationUITests.swift in Sources */ = {isa = PBXBuildFile; fileRef = 5AD33D28974BE522ACB04697 /* NotificationUITests.swift */; };
		49E7093A28E89B11086975D7 /* Localizable.xcstrings in Resources */ = {isa = PBXBuildFile; fileRef = 53F5CA3D96CAEDA6AACDFF56 /* Localizable.xcstrings */; };
		4FA21E71EC99A47ADAFCA162 /* WidgetSnapshot.swift in Sources */ = {isa = PBXBuildFile; fileRef = 1C002131DCED71D23198C29F /* WidgetSnapshot.swift */; };
		60DC4360D085209EB712A956 /* BackgroundRefresh.swift in Sources */ = {isa = PBXBuildFile; fileRef = 16DB99A3BC6609013D614C6A /* BackgroundRefresh.swift */; };
		6E140EB56A427E4A8FA10D64 /* ReaderUITests.swift in Sources */ = {isa = PBXBuildFile; fileRef = 919DE3B89AF84FDDA3735FDC /* ReaderUITests.swift */; };
		6F527C13A9E9966F5C687A1D /* NoteViews.swift in Sources */ = {isa = PBXBuildFile; fileRef = D2C6F632894A32B83E38C56E /* NoteViews.swift */; };
		6FB486DF2AA9F2C06344CEDB /* PerchApp.swift in Sources */ = {isa = PBXBuildFile; fileRef = A8FEB8A1AEBD4A3546F97BED /* PerchApp.swift */; };
		75C83EEB1EC0AA2A6B5E5CAF /* AddFeedSheet.swift in Sources */ = {isa = PBXBuildFile; fileRef = 655340A93FD076C55BABDD92 /* AddFeedSheet.swift */; };
		78120E6FD0CB355F794B2B46 /* LibraryView.swift in Sources */ = {isa = PBXBuildFile; fileRef = 5D2C8281A15D24FE521E108C /* LibraryView.swift */; };
		79F2755C31B2B89313B6B836 /* PerchLogoDrawing.swift in Sources */ = {isa = PBXBuildFile; fileRef = 70BBDD6EDC6471189293BDD1 /* PerchLogoDrawing.swift */; };
		81ECC265E6E47EEE76F29FAF /* AppearanceUITests.swift in Sources */ = {isa = PBXBuildFile; fileRef = 2CF9DC10E248AF05EC2A5727 /* AppearanceUITests.swift */; };
		8506BD826A1F884DD3EF7E21 /* OfflineSync.swift in Sources */ = {isa = PBXBuildFile; fileRef = DC2FE76BD6C0799CC419FA49 /* OfflineSync.swift */; };
		8B03761A51FCCFD6A12DEACF /* Brand.swift in Sources */ = {isa = PBXBuildFile; fileRef = 323845EBB2AE8AABB41A1503 /* Brand.swift */; };
		8CB8FCA647230A276F23A576 /* ImageCache.swift in Sources */ = {isa = PBXBuildFile; fileRef = D5982BDE739B05EE8EAF104B /* ImageCache.swift */; };
		8F8839D6C143904295467570 /* DeepLinks.swift in Sources */ = {isa = PBXBuildFile; fileRef = 48110E4208AD640A9BCE88D9 /* DeepLinks.swift */; };
		9E2B694750934D2EEF66C266 /* ChainUITests.swift in Sources */ = {isa = PBXBuildFile; fileRef = 27F0387D28DCB4DC90BC12D9 /* ChainUITests.swift */; };
		9E62F76BCEC0A952AA8F3736 /* PerchLogoDrawing.swift in Sources */ = {isa = PBXBuildFile; fileRef = 70BBDD6EDC6471189293BDD1 /* PerchLogoDrawing.swift */; };
		A05090E84B7CD15E07DBDE0B /* PerchKit in Frameworks */ = {isa = PBXBuildFile; productRef = 449DC645D4E74B6AC6724081 /* PerchKit */; };
		A32E1B72217B04F5C1E6DF00 /* FeedEditSheet.swift in Sources */ = {isa = PBXBuildFile; fileRef = A9820D50B5167D72FD592FFE /* FeedEditSheet.swift */; };
		A3E2CF5F0B32751D3D0F5EF1 /* OfflineSettingsView.swift in Sources */ = {isa = PBXBuildFile; fileRef = 16D59EB0C384D24D03E73507 /* OfflineSettingsView.swift */; };
		ACAD3E4D8FB017B803231DD3 /* SettingsView.swift in Sources */ = {isa = PBXBuildFile; fileRef = 1B00D3F911F440538B501763 /* SettingsView.swift */; };
		C0FA23DD4FD6880334ED109A /* PerchWidgets.swift in Sources */ = {isa = PBXBuildFile; fileRef = 756CEA9C9B1C110A1E27B59A /* PerchWidgets.swift */; };
		C29B92C76B861FF08D135E51 /* PerchWidgets.appex in Embed Foundation Extensions */ = {isa = PBXBuildFile; fileRef = 41DD0921F6DAAC3FC42FC199 /* PerchWidgets.appex */; settings = {ATTRIBUTES = (RemoveHeadersOnCopy, ); }; };
		C5D454879992C50B9D388CCD /* WidgetSnapshot.swift in Sources */ = {isa = PBXBuildFile; fileRef = 1C002131DCED71D23198C29F /* WidgetSnapshot.swift */; };
		C7FE0EA06BE6282AA1BDF852 /* ChainView.swift in Sources */ = {isa = PBXBuildFile; fileRef = 8FA84189C9C85EF03F9C74AB /* ChainView.swift */; };
		C8B0B9C201E2B46B332B32F3 /* Localizable.xcstrings in Resources */ = {isa = PBXBuildFile; fileRef = 784DC81B4DF2892831D4E1BF /* Localizable.xcstrings */; };
		CFA786A4CCFEB8FE1381735A /* ArticlePreview.swift in Sources */ = {isa = PBXBuildFile; fileRef = 0E3E523673D21B622A82627B /* ArticlePreview.swift */; };
		D6603A9321C3D2CB3A192A7F /* ArticleListView.swift in Sources */ = {isa = PBXBuildFile; fileRef = 3B7ACCA0FE0FE10D84A4CF9D /* ArticleListView.swift */; };
		E0C5A4BC053C607181EF9A7A /* ChainLink.swift in Sources */ = {isa = PBXBuildFile; fileRef = FEFA7A4F78253BE6F5EE1EC4 /* ChainLink.swift */; };
		E694A9F5C25936946F2C5F40 /* ConnectView.swift in Sources */ = {isa = PBXBuildFile; fileRef = 655E06FA19C1CD5AF49DDF1B /* ConnectView.swift */; };
		F317DF96E4AB0F2B532938F0 /* DeviceSettings.swift in Sources */ = {isa = PBXBuildFile; fileRef = 2AC49BD3F4ABE421B671D9FE /* DeviceSettings.swift */; };
		F6D5AA773490F7ACE656DD29 /* InfoPlist.xcstrings in Resources */ = {isa = PBXBuildFile; fileRef = 0B38BABEE4FFF5518DD3A8C6 /* InfoPlist.xcstrings */; };
/* End PBXBuildFile section */

/* Begin PBXContainerItemProxy section */
		24E0C7D6503BBC927AB5D111 /* PBXContainerItemProxy */ = {
			isa = PBXContainerItemProxy;
			containerPortal = 78904F42286EE3E52ED2700B /* Project object */;
			proxyType = 1;
			remoteGlobalIDString = 288E65F32FE78ECDCB9FED41;
			remoteInfo = PerchWidgets;
		};
		9464F082C1B4C33B80059B2A /* PBXContainerItemProxy */ = {
			isa = PBXContainerItemProxy;
			containerPortal = 78904F42286EE3E52ED2700B /* Project object */;
			proxyType = 1;
			remoteGlobalIDString = 45DC64F4606392864F14C513;
			remoteInfo = Perch;
		};
/* End PBXContainerItemProxy section */

/* Begin PBXCopyFilesBuildPhase section */
		D96D4A17F3A4BA933E57C042 /* Embed Foundation Extensions */ = {
			isa = PBXCopyFilesBuildPhase;
			buildActionMask = 2147483647;
			dstPath = "";
			dstSubfolderSpec = 13;
			files = (
				C29B92C76B861FF08D135E51 /* PerchWidgets.appex in Embed Foundation Extensions */,
			);
			name = "Embed Foundation Extensions";
			runOnlyForDeploymentPostprocessing = 0;
		};
/* End PBXCopyFilesBuildPhase section */

/* Begin PBXFileReference section */
		0B38BABEE4FFF5518DD3A8C6 /* InfoPlist.xcstrings */ = {isa = PBXFileReference; lastKnownFileType = text.json.xcstrings; path = InfoPlist.xcstrings; sourceTree = "<group>"; };
		0E3E523673D21B622A82627B /* ArticlePreview.swift */ = {isa = PBXFileReference; lastKnownFileType = sourcecode.swift; path = ArticlePreview.swift; sourceTree = "<group>"; };
		16D59EB0C384D24D03E73507 /* OfflineSettingsView.swift */ = {isa = PBXFileReference; lastKnownFileType = sourcecode.swift; path = OfflineSettingsView.swift; sourceTree = "<group>"; };
		16DB99A3BC6609013D614C6A /* BackgroundRefresh.swift */ = {isa = PBXFileReference; lastKnownFileType = sourcecode.swift; path = BackgroundRefresh.swift; sourceTree = "<group>"; };
		1B00D3F911F440538B501763 /* SettingsView.swift */ = {isa = PBXFileReference; lastKnownFileType = sourcecode.swift; path = SettingsView.swift; sourceTree = "<group>"; };
		1C002131DCED71D23198C29F /* WidgetSnapshot.swift */ = {isa = PBXFileReference; lastKnownFileType = sourcecode.swift; path = WidgetSnapshot.swift; sourceTree = "<group>"; };
		27F0387D28DCB4DC90BC12D9 /* ChainUITests.swift */ = {isa = PBXFileReference; lastKnownFileType = sourcecode.swift; path = ChainUITests.swift; sourceTree = "<group>"; };
		2AC49BD3F4ABE421B671D9FE /* DeviceSettings.swift */ = {isa = PBXFileReference; lastKnownFileType = sourcecode.swift; path = DeviceSettings.swift; sourceTree = "<group>"; };
		2CF9DC10E248AF05EC2A5727 /* AppearanceUITests.swift */ = {isa = PBXFileReference; lastKnownFileType = sourcecode.swift; path = AppearanceUITests.swift; sourceTree = "<group>"; };
		2E4BBD38308D35941FE4CF73 /* PerchKit */ = {isa = PBXFileReference; lastKnownFileType = folder; name = PerchKit; path = PerchKit; sourceTree = SOURCE_ROOT; };
		323845EBB2AE8AABB41A1503 /* Brand.swift */ = {isa = PBXFileReference; lastKnownFileType = sourcecode.swift; path = Brand.swift; sourceTree = "<group>"; };
		3B7ACCA0FE0FE10D84A4CF9D /* ArticleListView.swift */ = {isa = PBXFileReference; lastKnownFileType = sourcecode.swift; path = ArticleListView.swift; sourceTree = "<group>"; };
		41DD0921F6DAAC3FC42FC199 /* PerchWidgets.appex */ = {isa = PBXFileReference; includeInIndex = 0; lastKnownFileType = "wrapper.app-extension"; path = PerchWidgets.appex; sourceTree = BUILT_PRODUCTS_DIR; };
		48110E4208AD640A9BCE88D9 /* DeepLinks.swift */ = {isa = PBXFileReference; lastKnownFileType = sourcecode.swift; path = DeepLinks.swift; sourceTree = "<group>"; };
		4AFBD2AF69D4E3C3D7CF7E51 /* WidgetUITests.swift */ = {isa = PBXFileReference; lastKnownFileType = sourcecode.swift; path = WidgetUITests.swift; sourceTree = "<group>"; };
		53F5CA3D96CAEDA6AACDFF56 /* Localizable.xcstrings */ = {isa = PBXFileReference; lastKnownFileType = text.json.xcstrings; path = Localizable.xcstrings; sourceTree = "<group>"; };
		547BB3F69F49024BA65F0A6F /* Assets.xcassets */ = {isa = PBXFileReference; lastKnownFileType = folder.assetcatalog; path = Assets.xcassets; sourceTree = "<group>"; };
		5AD33D28974BE522ACB04697 /* NotificationUITests.swift */ = {isa = PBXFileReference; lastKnownFileType = sourcecode.swift; path = NotificationUITests.swift; sourceTree = "<group>"; };
		5D2C8281A15D24FE521E108C /* LibraryView.swift */ = {isa = PBXFileReference; lastKnownFileType = sourcecode.swift; path = LibraryView.swift; sourceTree = "<group>"; };
		655340A93FD076C55BABDD92 /* AddFeedSheet.swift */ = {isa = PBXFileReference; lastKnownFileType = sourcecode.swift; path = AddFeedSheet.swift; sourceTree = "<group>"; };
		655E06FA19C1CD5AF49DDF1B /* ConnectView.swift */ = {isa = PBXFileReference; lastKnownFileType = sourcecode.swift; path = ConnectView.swift; sourceTree = "<group>"; };
		659C049AD8C502121851289D /* AppearanceSettingsView.swift */ = {isa = PBXFileReference; lastKnownFileType = sourcecode.swift; path = AppearanceSettingsView.swift; sourceTree = "<group>"; };
		6A04F0519598EE4BAAF1557C /* MainTabView.swift */ = {isa = PBXFileReference; lastKnownFileType = sourcecode.swift; path = MainTabView.swift; sourceTree = "<group>"; };
		70BBDD6EDC6471189293BDD1 /* PerchLogoDrawing.swift */ = {isa = PBXFileReference; lastKnownFileType = sourcecode.swift; path = PerchLogoDrawing.swift; sourceTree = "<group>"; };
		756CEA9C9B1C110A1E27B59A /* PerchWidgets.swift */ = {isa = PBXFileReference; lastKnownFileType = sourcecode.swift; path = PerchWidgets.swift; sourceTree = "<group>"; };
		76BBF3114C6EAD96BD58E6A2 /* Info.plist */ = {isa = PBXFileReference; lastKnownFileType = text.plist; path = Info.plist; sourceTree = "<group>"; };
		784DC81B4DF2892831D4E1BF /* Localizable.xcstrings */ = {isa = PBXFileReference; lastKnownFileType = text.json.xcstrings; path = Localizable.xcstrings; sourceTree = "<group>"; };
		82260F0564F0916912CA9610 /* Glance.swift */ = {isa = PBXFileReference; lastKnownFileType = sourcecode.swift; path = Glance.swift; sourceTree = "<group>"; };
		8FA84189C9C85EF03F9C74AB /* ChainView.swift */ = {isa = PBXFileReference; lastKnownFileType = sourcecode.swift; path = ChainView.swift; sourceTree = "<group>"; };
		8FD692757B7C347A5C2BDD29 /* LocalLibraryUITests.swift */ = {isa = PBXFileReference; lastKnownFileType = sourcecode.swift; path = LocalLibraryUITests.swift; sourceTree = "<group>"; };
		919DE3B89AF84FDDA3735FDC /* ReaderUITests.swift */ = {isa = PBXFileReference; lastKnownFileType = sourcecode.swift; path = ReaderUITests.swift; sourceTree = "<group>"; };
		9BFE3507078C2399F4F0E88D /* Reader.swift */ = {isa = PBXFileReference; lastKnownFileType = sourcecode.swift; path = Reader.swift; sourceTree = "<group>"; };
		9D81815F02D951B683871555 /* Session.swift */ = {isa = PBXFileReference; lastKnownFileType = sourcecode.swift; path = Session.swift; sourceTree = "<group>"; };
		9DEC51BF47974BCC5F748D16 /* PerchUITests.xctest */ = {isa = PBXFileReference; includeInIndex = 0; lastKnownFileType = wrapper.cfbundle; path = PerchUITests.xctest; sourceTree = BUILT_PRODUCTS_DIR; };
		A8FEB8A1AEBD4A3546F97BED /* PerchApp.swift */ = {isa = PBXFileReference; lastKnownFileType = sourcecode.swift; path = PerchApp.swift; sourceTree = "<group>"; };
		A9820D50B5167D72FD592FFE /* FeedEditSheet.swift */ = {isa = PBXFileReference; lastKnownFileType = sourcecode.swift; path = FeedEditSheet.swift; sourceTree = "<group>"; };
		CE8C30FB9465701CCD476FE5 /* ArticleView.swift */ = {isa = PBXFileReference; lastKnownFileType = sourcecode.swift; path = ArticleView.swift; sourceTree = "<group>"; };
		D2C6F632894A32B83E38C56E /* NoteViews.swift */ = {isa = PBXFileReference; lastKnownFileType = sourcecode.swift; path = NoteViews.swift; sourceTree = "<group>"; };
		D41D4D3B908363F711572982 /* Perch.app */ = {isa = PBXFileReference; includeInIndex = 0; lastKnownFileType = wrapper.application; path = Perch.app; sourceTree = BUILT_PRODUCTS_DIR; };
		D5982BDE739B05EE8EAF104B /* ImageCache.swift */ = {isa = PBXFileReference; lastKnownFileType = sourcecode.swift; path = ImageCache.swift; sourceTree = "<group>"; };
		D996D51567887C53BCFD5308 /* Perch.entitlements */ = {isa = PBXFileReference; lastKnownFileType = text.plist.entitlements; path = Perch.entitlements; sourceTree = "<group>"; };
		DC2FE76BD6C0799CC419FA49 /* OfflineSync.swift */ = {isa = PBXFileReference; lastKnownFileType = sourcecode.swift; path = OfflineSync.swift; sourceTree = "<group>"; };
		E4B64DEB1E6CF6BE639C8433 /* Keychain.swift */ = {isa = PBXFileReference; lastKnownFileType = sourcecode.swift; path = Keychain.swift; sourceTree = "<group>"; };
		EA8BC973C4DCA309F5756D56 /* Info.plist */ = {isa = PBXFileReference; lastKnownFileType = text.plist; path = Info.plist; sourceTree = "<group>"; };
		EEF8ECF81F405087AC882051 /* PerchWidgets.entitlements */ = {isa = PBXFileReference; lastKnownFileType = text.plist.entitlements; path = PerchWidgets.entitlements; sourceTree = "<group>"; };
		FEFA7A4F78253BE6F5EE1EC4 /* ChainLink.swift */ = {isa = PBXFileReference; lastKnownFileType = sourcecode.swift; path = ChainLink.swift; sourceTree = "<group>"; };
/* End PBXFileReference section */

/* Begin PBXFrameworksBuildPhase section */
		599C95ED543616392CB25279 /* Frameworks */ = {
			isa = PBXFrameworksBuildPhase;
			buildActionMask = 2147483647;
			files = (
				A05090E84B7CD15E07DBDE0B /* PerchKit in Frameworks */,
			);
			runOnlyForDeploymentPostprocessing = 0;
		};
/* End PBXFrameworksBuildPhase section */

/* Begin PBXGroup section */
		1932CD6761816B233EF9DD8D /* Support */ = {
			isa = PBXGroup;
			children = (
				76BBF3114C6EAD96BD58E6A2 /* Info.plist */,
				0B38BABEE4FFF5518DD3A8C6 /* InfoPlist.xcstrings */,
				784DC81B4DF2892831D4E1BF /* Localizable.xcstrings */,
				D996D51567887C53BCFD5308 /* Perch.entitlements */,
			);
			path = Support;
			sourceTree = "<group>";
		};
		25757B0BE689282F63722EA7 /* PerchWidgets */ = {
			isa = PBXGroup;
			children = (
				EA8BC973C4DCA309F5756D56 /* Info.plist */,
				53F5CA3D96CAEDA6AACDFF56 /* Localizable.xcstrings */,
				EEF8ECF81F405087AC882051 /* PerchWidgets.entitlements */,
				756CEA9C9B1C110A1E27B59A /* PerchWidgets.swift */,
			);
			path = PerchWidgets;
			sourceTree = "<group>";
		};
		4B9430EA749E54FCA6B60A3F /* Shared */ = {
			isa = PBXGroup;
			children = (
				70BBDD6EDC6471189293BDD1 /* PerchLogoDrawing.swift */,
				1C002131DCED71D23198C29F /* WidgetSnapshot.swift */,
			);
			path = Shared;
			sourceTree = "<group>";
		};
		5604ACE44E439FA92A920531 /* Products */ = {
			isa = PBXGroup;
			children = (
				D41D4D3B908363F711572982 /* Perch.app */,
				9DEC51BF47974BCC5F748D16 /* PerchUITests.xctest */,
				41DD0921F6DAAC3FC42FC199 /* PerchWidgets.appex */,
			);
			name = Products;
			sourceTree = "<group>";
		};
		781A9BD3DFD468DC020677DE /* Views */ = {
			isa = PBXGroup;
			children = (
				655340A93FD076C55BABDD92 /* AddFeedSheet.swift */,
				659C049AD8C502121851289D /* AppearanceSettingsView.swift */,
				3B7ACCA0FE0FE10D84A4CF9D /* ArticleListView.swift */,
				CE8C30FB9465701CCD476FE5 /* ArticleView.swift */,
				8FA84189C9C85EF03F9C74AB /* ChainView.swift */,
				655E06FA19C1CD5AF49DDF1B /* ConnectView.swift */,
				A9820D50B5167D72FD592FFE /* FeedEditSheet.swift */,
				5D2C8281A15D24FE521E108C /* LibraryView.swift */,
				6A04F0519598EE4BAAF1557C /* MainTabView.swift */,
				D2C6F632894A32B83E38C56E /* NoteViews.swift */,
				16D59EB0C384D24D03E73507 /* OfflineSettingsView.swift */,
				1B00D3F911F440538B501763 /* SettingsView.swift */,
			);
			path = Views;
			sourceTree = "<group>";
		};
		9019F5C59F8C2B93EDFCB2BE /* PerchUITests */ = {
			isa = PBXGroup;
			children = (
				2CF9DC10E248AF05EC2A5727 /* AppearanceUITests.swift */,
				27F0387D28DCB4DC90BC12D9 /* ChainUITests.swift */,
				8FD692757B7C347A5C2BDD29 /* LocalLibraryUITests.swift */,
				5AD33D28974BE522ACB04697 /* NotificationUITests.swift */,
				919DE3B89AF84FDDA3735FDC /* ReaderUITests.swift */,
				4AFBD2AF69D4E3C3D7CF7E51 /* WidgetUITests.swift */,
			);
			path = PerchUITests;
			sourceTree = "<group>";
		};
		9D0550E96E022111AD197242 /* Packages */ = {
			isa = PBXGroup;
			children = (
				2E4BBD38308D35941FE4CF73 /* PerchKit */,
			);
			name = Packages;
			sourceTree = "<group>";
		};
		E2FE76835BB9FBCADB65C38C = {
			isa = PBXGroup;
			children = (
				9D0550E96E022111AD197242 /* Packages */,
				E32E753CE6364804D2CF49B3 /* Perch */,
				9019F5C59F8C2B93EDFCB2BE /* PerchUITests */,
				25757B0BE689282F63722EA7 /* PerchWidgets */,
				4B9430EA749E54FCA6B60A3F /* Shared */,
				5604ACE44E439FA92A920531 /* Products */,
			);
			sourceTree = "<group>";
		};
		E32E753CE6364804D2CF49B3 /* Perch */ = {
			isa = PBXGroup;
			children = (
				547BB3F69F49024BA65F0A6F /* Assets.xcassets */,
				A8FEB8A1AEBD4A3546F97BED /* PerchApp.swift */,
				EEC16C9E619B957A56177B83 /* App */,
				1932CD6761816B233EF9DD8D /* Support */,
				781A9BD3DFD468DC020677DE /* Views */,
			);
			path = Perch;
			sourceTree = "<group>";
		};
		EEC16C9E619B957A56177B83 /* App */ = {
			isa = PBXGroup;
			children = (
				0E3E523673D21B622A82627B /* ArticlePreview.swift */,
				16DB99A3BC6609013D614C6A /* BackgroundRefresh.swift */,
				323845EBB2AE8AABB41A1503 /* Brand.swift */,
				FEFA7A4F78253BE6F5EE1EC4 /* ChainLink.swift */,
				48110E4208AD640A9BCE88D9 /* DeepLinks.swift */,
				2AC49BD3F4ABE421B671D9FE /* DeviceSettings.swift */,
				82260F0564F0916912CA9610 /* Glance.swift */,
				D5982BDE739B05EE8EAF104B /* ImageCache.swift */,
				E4B64DEB1E6CF6BE639C8433 /* Keychain.swift */,
				DC2FE76BD6C0799CC419FA49 /* OfflineSync.swift */,
				9BFE3507078C2399F4F0E88D /* Reader.swift */,
				9D81815F02D951B683871555 /* Session.swift */,
			);
			path = App;
			sourceTree = "<group>";
		};
/* End PBXGroup section */

/* Begin PBXNativeTarget section */
		288E65F32FE78ECDCB9FED41 /* PerchWidgets */ = {
			isa = PBXNativeTarget;
			buildConfigurationList = C199B9FDCD53A92EEFB0AF6B /* Build configuration list for PBXNativeTarget "PerchWidgets" */;
			buildPhases = (
				34CB11F7AEFCD15384AB311D /* Sources */,
				401A3D80941E4E650427ABD4 /* Resources */,
			);
			buildRules = (
			);
			dependencies = (
			);
			name = PerchWidgets;
			packageProductDependencies = (
			);
			productName = PerchWidgets;
			productReference = 41DD0921F6DAAC3FC42FC199 /* PerchWidgets.appex */;
			productType = "com.apple.product-type.app-extension";
		};
		45DC64F4606392864F14C513 /* Perch */ = {
			isa = PBXNativeTarget;
			buildConfigurationList = 4E7BAC100ADA994FCF785195 /* Build configuration list for PBXNativeTarget "Perch" */;
			buildPhases = (
				D1A1C77C580B3DEA6A464FB2 /* Sources */,
				2C8B29F9A60922A813480135 /* Resources */,
				599C95ED543616392CB25279 /* Frameworks */,
				D96D4A17F3A4BA933E57C042 /* Embed Foundation Extensions */,
			);
			buildRules = (
			);
			dependencies = (
				54CCD7752A111072B839D58C /* PBXTargetDependency */,
			);
			name = Perch;
			packageProductDependencies = (
				449DC645D4E74B6AC6724081 /* PerchKit */,
			);
			productName = Perch;
			productReference = D41D4D3B908363F711572982 /* Perch.app */;
			productType = "com.apple.product-type.application";
		};
		9D5ECBB07DF30C831907761C /* PerchUITests */ = {
			isa = PBXNativeTarget;
			buildConfigurationList = E32370E5E3C83C4A92520FF5 /* Build configuration list for PBXNativeTarget "PerchUITests" */;
			buildPhases = (
				4C1DC8AA3E31CB18F60D5C7C /* Sources */,
			);
			buildRules = (
			);
			dependencies = (
				6895A8A38A44766EC217DCB2 /* PBXTargetDependency */,
			);
			name = PerchUITests;
			packageProductDependencies = (
			);
			productName = PerchUITests;
			productReference = 9DEC51BF47974BCC5F748D16 /* PerchUITests.xctest */;
			productType = "com.apple.product-type.bundle.ui-testing";
		};
/* End PBXNativeTarget section */

/* Begin PBXProject section */
		78904F42286EE3E52ED2700B /* Project object */ = {
			isa = PBXProject;
			attributes = {
				BuildIndependentTargetsInParallel = YES;
				LastUpgradeCheck = 1430;
				TargetAttributes = {
					288E65F32FE78ECDCB9FED41 = {
						DevelopmentTeam = "";
						ProvisioningStyle = Automatic;
					};
					45DC64F4606392864F14C513 = {
						DevelopmentTeam = "";
						ProvisioningStyle = Automatic;
					};
					9D5ECBB07DF30C831907761C = {
						DevelopmentTeam = "";
						ProvisioningStyle = Automatic;
						TestTargetID = 45DC64F4606392864F14C513;
					};
				};
			};
			buildConfigurationList = E6AE955975C9C0B42C636FA3 /* Build configuration list for PBXProject "Perch" */;
			developmentRegion = en;
			hasScannedForEncodings = 0;
			knownRegions = (
				Base,
				en,
				tr,
			);
			mainGroup = E2FE76835BB9FBCADB65C38C;
			minimizedProjectReferenceProxies = 1;
			packageReferences = (
				4F5B4E12B97B5C8B05C55120 /* XCLocalSwiftPackageReference "PerchKit" */,
			);
			preferredProjectObjectVersion = 77;
			productRefGroup = 5604ACE44E439FA92A920531 /* Products */;
			projectDirPath = "";
			projectRoot = "";
			targets = (
				45DC64F4606392864F14C513 /* Perch */,
				288E65F32FE78ECDCB9FED41 /* PerchWidgets */,
				9D5ECBB07DF30C831907761C /* PerchUITests */,
			);
		};
/* End PBXProject section */

/* Begin PBXResourcesBuildPhase section */
		2C8B29F9A60922A813480135 /* Resources */ = {
			isa = PBXResourcesBuildPhase;
			buildActionMask = 2147483647;
			files = (
				1BE966468E3929309EC3E856 /* Assets.xcassets in Resources */,
				F6D5AA773490F7ACE656DD29 /* InfoPlist.xcstrings in Resources */,
				C8B0B9C201E2B46B332B32F3 /* Localizable.xcstrings in Resources */,
			);
			runOnlyForDeploymentPostprocessing = 0;
		};
		401A3D80941E4E650427ABD4 /* Resources */ = {
			isa = PBXResourcesBuildPhase;
			buildActionMask = 2147483647;
			files = (
				49E7093A28E89B11086975D7 /* Localizable.xcstrings in Resources */,
			);
			runOnlyForDeploymentPostprocessing = 0;
		};
/* End PBXResourcesBuildPhase section */

/* Begin PBXSourcesBuildPhase section */
		34CB11F7AEFCD15384AB311D /* Sources */ = {
			isa = PBXSourcesBuildPhase;
			buildActionMask = 2147483647;
			files = (
				79F2755C31B2B89313B6B836 /* PerchLogoDrawing.swift in Sources */,
				C0FA23DD4FD6880334ED109A /* PerchWidgets.swift in Sources */,
				C5D454879992C50B9D388CCD /* WidgetSnapshot.swift in Sources */,
			);
			runOnlyForDeploymentPostprocessing = 0;
		};
		4C1DC8AA3E31CB18F60D5C7C /* Sources */ = {
			isa = PBXSourcesBuildPhase;
			buildActionMask = 2147483647;
			files = (
				81ECC265E6E47EEE76F29FAF /* AppearanceUITests.swift in Sources */,
				9E2B694750934D2EEF66C266 /* ChainUITests.swift in Sources */,
				127E09B57F30910A82578417 /* LocalLibraryUITests.swift in Sources */,
				49CB1B63982C5321FC47CE2A /* NotificationUITests.swift in Sources */,
				6E140EB56A427E4A8FA10D64 /* ReaderUITests.swift in Sources */,
				345B92D540B25F9CCE51DE8F /* WidgetUITests.swift in Sources */,
			);
			runOnlyForDeploymentPostprocessing = 0;
		};
		D1A1C77C580B3DEA6A464FB2 /* Sources */ = {
			isa = PBXSourcesBuildPhase;
			buildActionMask = 2147483647;
			files = (
				75C83EEB1EC0AA2A6B5E5CAF /* AddFeedSheet.swift in Sources */,
				3CC263518A8DB08FE7FE3A01 /* AppearanceSettingsView.swift in Sources */,
				D6603A9321C3D2CB3A192A7F /* ArticleListView.swift in Sources */,
				CFA786A4CCFEB8FE1381735A /* ArticlePreview.swift in Sources */,
				07A5C7C984CD07E27F1D9CCE /* ArticleView.swift in Sources */,
				60DC4360D085209EB712A956 /* BackgroundRefresh.swift in Sources */,
				8B03761A51FCCFD6A12DEACF /* Brand.swift in Sources */,
				E0C5A4BC053C607181EF9A7A /* ChainLink.swift in Sources */,
				C7FE0EA06BE6282AA1BDF852 /* ChainView.swift in Sources */,
				E694A9F5C25936946F2C5F40 /* ConnectView.swift in Sources */,
				8F8839D6C143904295467570 /* DeepLinks.swift in Sources */,
				F317DF96E4AB0F2B532938F0 /* DeviceSettings.swift in Sources */,
				A32E1B72217B04F5C1E6DF00 /* FeedEditSheet.swift in Sources */,
				138B6760503FFEAD1AD323C9 /* Glance.swift in Sources */,
				8CB8FCA647230A276F23A576 /* ImageCache.swift in Sources */,
				1D211E57B19AB93D14A23D11 /* Keychain.swift in Sources */,
				78120E6FD0CB355F794B2B46 /* LibraryView.swift in Sources */,
				105023448514C3FCC6015A94 /* MainTabView.swift in Sources */,
				6F527C13A9E9966F5C687A1D /* NoteViews.swift in Sources */,
				A3E2CF5F0B32751D3D0F5EF1 /* OfflineSettingsView.swift in Sources */,
				8506BD826A1F884DD3EF7E21 /* OfflineSync.swift in Sources */,
				6FB486DF2AA9F2C06344CEDB /* PerchApp.swift in Sources */,
				9E62F76BCEC0A952AA8F3736 /* PerchLogoDrawing.swift in Sources */,
				467A098C9959101B6914679F /* Reader.swift in Sources */,
				241FF41B2764A040F6F901C6 /* Session.swift in Sources */,
				ACAD3E4D8FB017B803231DD3 /* SettingsView.swift in Sources */,
				4FA21E71EC99A47ADAFCA162 /* WidgetSnapshot.swift in Sources */,
			);
			runOnlyForDeploymentPostprocessing = 0;
		};
/* End PBXSourcesBuildPhase section */

/* Begin PBXTargetDependency section */
		54CCD7752A111072B839D58C /* PBXTargetDependency */ = {
			isa = PBXTargetDependency;
			target = 288E65F32FE78ECDCB9FED41 /* PerchWidgets */;
			targetProxy = 24E0C7D6503BBC927AB5D111 /* PBXContainerItemProxy */;
		};
		6895A8A38A44766EC217DCB2 /* PBXTargetDependency */ = {
			isa = PBXTargetDependency;
			target = 45DC64F4606392864F14C513 /* Perch */;
			targetProxy = 9464F082C1B4C33B80059B2A /* PBXContainerItemProxy */;
		};
/* End PBXTargetDependency section */

/* Begin XCBuildConfiguration section */
		0F6AD60D2124FA67F1FB6499 /* Release */ = {
			isa = XCBuildConfiguration;
			buildSettings = {
				ALWAYS_SEARCH_USER_PATHS = NO;
				CLANG_ANALYZER_NONNULL = YES;
				CLANG_ANALYZER_NUMBER_OBJECT_CONVERSION = YES_AGGRESSIVE;
				CLANG_CXX_LANGUAGE_STANDARD = "gnu++14";
				CLANG_CXX_LIBRARY = "libc++";
				CLANG_ENABLE_MODULES = YES;
				CLANG_ENABLE_OBJC_ARC = YES;
				CLANG_ENABLE_OBJC_WEAK = YES;
				CLANG_WARN_BLOCK_CAPTURE_AUTORELEASING = YES;
				CLANG_WARN_BOOL_CONVERSION = YES;
				CLANG_WARN_COMMA = YES;
				CLANG_WARN_CONSTANT_CONVERSION = YES;
				CLANG_WARN_DEPRECATED_OBJC_IMPLEMENTATIONS = YES;
				CLANG_WARN_DIRECT_OBJC_ISA_USAGE = YES_ERROR;
				CLANG_WARN_DOCUMENTATION_COMMENTS = YES;
				CLANG_WARN_EMPTY_BODY = YES;
				CLANG_WARN_ENUM_CONVERSION = YES;
				CLANG_WARN_INFINITE_RECURSION = YES;
				CLANG_WARN_INT_CONVERSION = YES;
				CLANG_WARN_NON_LITERAL_NULL_CONVERSION = YES;
				CLANG_WARN_OBJC_IMPLICIT_RETAIN_SELF = YES;
				CLANG_WARN_OBJC_LITERAL_CONVERSION = YES;
				CLANG_WARN_OBJC_ROOT_CLASS = YES_ERROR;
				CLANG_WARN_QUOTED_INCLUDE_IN_FRAMEWORK_HEADER = YES;
				CLANG_WARN_RANGE_LOOP_ANALYSIS = YES;
				CLANG_WARN_STRICT_PROTOTYPES = YES;
				CLANG_WARN_SUSPICIOUS_MOVE = YES;
				CLANG_WARN_UNGUARDED_AVAILABILITY = YES_AGGRESSIVE;
				CLANG_WARN_UNREACHABLE_CODE = YES;
				CLANG_WARN__DUPLICATE_METHOD_MATCH = YES;
				CODE_SIGN_STYLE = Automatic;
				COPY_PHASE_STRIP = NO;
				CURRENT_PROJECT_VERSION = 1;
				DEBUG_INFORMATION_FORMAT = "dwarf-with-dsym";
				DEVELOPMENT_TEAM = "";
				ENABLE_NS_ASSERTIONS = NO;
				ENABLE_STRICT_OBJC_MSGSEND = YES;
				GCC_C_LANGUAGE_STANDARD = gnu11;
				GCC_NO_COMMON_BLOCKS = YES;
				GCC_WARN_64_TO_32_BIT_CONVERSION = YES;
				GCC_WARN_ABOUT_RETURN_TYPE = YES_ERROR;
				GCC_WARN_UNDECLARED_SELECTOR = YES;
				GCC_WARN_UNINITIALIZED_AUTOS = YES_AGGRESSIVE;
				GCC_WARN_UNUSED_FUNCTION = YES;
				GCC_WARN_UNUSED_VARIABLE = YES;
				IPHONEOS_DEPLOYMENT_TARGET = 26.0;
				LOCALIZATION_PREFERS_STRING_CATALOGS = YES;
				MARKETING_VERSION = 0.1.0;
				MTL_ENABLE_DEBUG_INFO = NO;
				MTL_FAST_MATH = YES;
				PRODUCT_NAME = "$(TARGET_NAME)";
				SDKROOT = iphoneos;
				SWIFT_COMPILATION_MODE = wholemodule;
				SWIFT_EMIT_LOC_STRINGS = YES;
				SWIFT_OPTIMIZATION_LEVEL = "-O";
				SWIFT_VERSION = 6.0;
			};
			name = Release;
		};
		17703D9DB8EDEF85959F9F31 /* Release */ = {
			isa = XCBuildConfiguration;
			buildSettings = {
				CODE_SIGN_ENTITLEMENTS = PerchWidgets/PerchWidgets.entitlements;
				GENERATE_INFOPLIST_FILE = YES;
				INFOPLIST_FILE = PerchWidgets/Info.plist;
				INFOPLIST_KEY_CFBundleDisplayName = Perch;
				LD_RUNPATH_SEARCH_PATHS = (
					"$(inherited)",
					"@executable_path/Frameworks",
					"@executable_path/../../Frameworks",
				);
				PRODUCT_BUNDLE_IDENTIFIER = app.perch.ios.widgets;
				PRODUCT_NAME = PerchWidgets;
				SDKROOT = iphoneos;
				SKIP_INSTALL = YES;
				TARGETED_DEVICE_FAMILY = "1,2";
			};
			name = Release;
		};
		204E4DAFE4A978BD53C4066A /* Debug */ = {
			isa = XCBuildConfiguration;
			buildSettings = {
				ASSETCATALOG_COMPILER_APPICON_NAME = AppIcon;
				ASSETCATALOG_COMPILER_GLOBAL_ACCENT_COLOR_NAME = AccentColor;
				CODE_SIGN_ENTITLEMENTS = Perch/Support/Perch.entitlements;
				CODE_SIGN_IDENTITY = "iPhone Developer";
				ENABLE_PREVIEWS = YES;
				GENERATE_INFOPLIST_FILE = YES;
				INFOPLIST_FILE = Perch/Support/Info.plist;
				INFOPLIST_KEY_CFBundleDisplayName = Perch;
				INFOPLIST_KEY_NSLocalNetworkUsageDescription = "Perch connects to your Perch Server when it runs on your local network.";
				INFOPLIST_KEY_UILaunchScreen_Generation = YES;
				INFOPLIST_KEY_UISupportedInterfaceOrientations_iPad = "UIInterfaceOrientationPortrait UIInterfaceOrientationPortraitUpsideDown UIInterfaceOrientationLandscapeLeft UIInterfaceOrientationLandscapeRight";
				INFOPLIST_KEY_UISupportedInterfaceOrientations_iPhone = "UIInterfaceOrientationPortrait UIInterfaceOrientationLandscapeLeft UIInterfaceOrientationLandscapeRight";
				LD_RUNPATH_SEARCH_PATHS = (
					"$(inherited)",
					"@executable_path/Frameworks",
				);
				PRODUCT_BUNDLE_IDENTIFIER = app.perch.ios;
				PRODUCT_NAME = Perch;
				SDKROOT = iphoneos;
				TARGETED_DEVICE_FAMILY = "1,2";
			};
			name = Debug;
		};
		267A7D118BF180281ABE123F /* Debug */ = {
			isa = XCBuildConfiguration;
			buildSettings = {
				CODE_SIGN_ENTITLEMENTS = PerchWidgets/PerchWidgets.entitlements;
				GENERATE_INFOPLIST_FILE = YES;
				INFOPLIST_FILE = PerchWidgets/Info.plist;
				INFOPLIST_KEY_CFBundleDisplayName = Perch;
				LD_RUNPATH_SEARCH_PATHS = (
					"$(inherited)",
					"@executable_path/Frameworks",
					"@executable_path/../../Frameworks",
				);
				PRODUCT_BUNDLE_IDENTIFIER = app.perch.ios.widgets;
				PRODUCT_NAME = PerchWidgets;
				SDKROOT = iphoneos;
				SKIP_INSTALL = YES;
				TARGETED_DEVICE_FAMILY = "1,2";
			};
			name = Debug;
		};
		7E6744030DB0BDBB7734160A /* Release */ = {
			isa = XCBuildConfiguration;
			buildSettings = {
				BUNDLE_LOADER = "$(TEST_HOST)";
				GENERATE_INFOPLIST_FILE = YES;
				LD_RUNPATH_SEARCH_PATHS = (
					"$(inherited)",
					"@executable_path/Frameworks",
					"@loader_path/Frameworks",
				);
				PRODUCT_BUNDLE_IDENTIFIER = app.perch.ios.uitests;
				SDKROOT = iphoneos;
				TARGETED_DEVICE_FAMILY = "1,2";
				TEST_TARGET_NAME = Perch;
			};
			name = Release;
		};
		99C45836D2F1D4E548E783B4 /* Debug */ = {
			isa = XCBuildConfiguration;
			buildSettings = {
				ALWAYS_SEARCH_USER_PATHS = NO;
				CLANG_ANALYZER_NONNULL = YES;
				CLANG_ANALYZER_NUMBER_OBJECT_CONVERSION = YES_AGGRESSIVE;
				CLANG_CXX_LANGUAGE_STANDARD = "gnu++14";
				CLANG_CXX_LIBRARY = "libc++";
				CLANG_ENABLE_MODULES = YES;
				CLANG_ENABLE_OBJC_ARC = YES;
				CLANG_ENABLE_OBJC_WEAK = YES;
				CLANG_WARN_BLOCK_CAPTURE_AUTORELEASING = YES;
				CLANG_WARN_BOOL_CONVERSION = YES;
				CLANG_WARN_COMMA = YES;
				CLANG_WARN_CONSTANT_CONVERSION = YES;
				CLANG_WARN_DEPRECATED_OBJC_IMPLEMENTATIONS = YES;
				CLANG_WARN_DIRECT_OBJC_ISA_USAGE = YES_ERROR;
				CLANG_WARN_DOCUMENTATION_COMMENTS = YES;
				CLANG_WARN_EMPTY_BODY = YES;
				CLANG_WARN_ENUM_CONVERSION = YES;
				CLANG_WARN_INFINITE_RECURSION = YES;
				CLANG_WARN_INT_CONVERSION = YES;
				CLANG_WARN_NON_LITERAL_NULL_CONVERSION = YES;
				CLANG_WARN_OBJC_IMPLICIT_RETAIN_SELF = YES;
				CLANG_WARN_OBJC_LITERAL_CONVERSION = YES;
				CLANG_WARN_OBJC_ROOT_CLASS = YES_ERROR;
				CLANG_WARN_QUOTED_INCLUDE_IN_FRAMEWORK_HEADER = YES;
				CLANG_WARN_RANGE_LOOP_ANALYSIS = YES;
				CLANG_WARN_STRICT_PROTOTYPES = YES;
				CLANG_WARN_SUSPICIOUS_MOVE = YES;
				CLANG_WARN_UNGUARDED_AVAILABILITY = YES_AGGRESSIVE;
				CLANG_WARN_UNREACHABLE_CODE = YES;
				CLANG_WARN__DUPLICATE_METHOD_MATCH = YES;
				CODE_SIGN_STYLE = Automatic;
				COPY_PHASE_STRIP = NO;
				CURRENT_PROJECT_VERSION = 1;
				DEBUG_INFORMATION_FORMAT = dwarf;
				DEVELOPMENT_TEAM = "";
				ENABLE_STRICT_OBJC_MSGSEND = YES;
				ENABLE_TESTABILITY = YES;
				GCC_C_LANGUAGE_STANDARD = gnu11;
				GCC_DYNAMIC_NO_PIC = NO;
				GCC_NO_COMMON_BLOCKS = YES;
				GCC_OPTIMIZATION_LEVEL = 0;
				GCC_PREPROCESSOR_DEFINITIONS = (
					"$(inherited)",
					"DEBUG=1",
				);
				GCC_WARN_64_TO_32_BIT_CONVERSION = YES;
				GCC_WARN_ABOUT_RETURN_TYPE = YES_ERROR;
				GCC_WARN_UNDECLARED_SELECTOR = YES;
				GCC_WARN_UNINITIALIZED_AUTOS = YES_AGGRESSIVE;
				GCC_WARN_UNUSED_FUNCTION = YES;
				GCC_WARN_UNUSED_VARIABLE = YES;
				IPHONEOS_DEPLOYMENT_TARGET = 26.0;
				LOCALIZATION_PREFERS_STRING_CATALOGS = YES;
				MARKETING_VERSION = 0.1.0;
				MTL_ENABLE_DEBUG_INFO = INCLUDE_SOURCE;
				MTL_FAST_MATH = YES;
				ONLY_ACTIVE_ARCH = YES;
				PRODUCT_NAME = "$(TARGET_NAME)";
				SDKROOT = iphoneos;
				SWIFT_ACTIVE_COMPILATION_CONDITIONS = DEBUG;
				SWIFT_EMIT_LOC_STRINGS = YES;
				SWIFT_OPTIMIZATION_LEVEL = "-Onone";
				SWIFT_VERSION = 6.0;
			};
			name = Debug;
		};
		DD1BC7C1BF042D41AC16AD92 /* Release */ = {
			isa = XCBuildConfiguration;
			buildSettings = {
				ASSETCATALOG_COMPILER_APPICON_NAME = AppIcon;
				ASSETCATALOG_COMPILER_GLOBAL_ACCENT_COLOR_NAME = AccentColor;
				CODE_SIGN_ENTITLEMENTS = Perch/Support/Perch.entitlements;
				CODE_SIGN_IDENTITY = "iPhone Developer";
				ENABLE_PREVIEWS = YES;
				GENERATE_INFOPLIST_FILE = YES;
				INFOPLIST_FILE = Perch/Support/Info.plist;
				INFOPLIST_KEY_CFBundleDisplayName = Perch;
				INFOPLIST_KEY_NSLocalNetworkUsageDescription = "Perch connects to your Perch Server when it runs on your local network.";
				INFOPLIST_KEY_UILaunchScreen_Generation = YES;
				INFOPLIST_KEY_UISupportedInterfaceOrientations_iPad = "UIInterfaceOrientationPortrait UIInterfaceOrientationPortraitUpsideDown UIInterfaceOrientationLandscapeLeft UIInterfaceOrientationLandscapeRight";
				INFOPLIST_KEY_UISupportedInterfaceOrientations_iPhone = "UIInterfaceOrientationPortrait UIInterfaceOrientationLandscapeLeft UIInterfaceOrientationLandscapeRight";
				LD_RUNPATH_SEARCH_PATHS = (
					"$(inherited)",
					"@executable_path/Frameworks",
				);
				PRODUCT_BUNDLE_IDENTIFIER = app.perch.ios;
				PRODUCT_NAME = Perch;
				SDKROOT = iphoneos;
				TARGETED_DEVICE_FAMILY = "1,2";
			};
			name = Release;
		};
		E688591DEF9913571FD2AA78 /* Debug */ = {
			isa = XCBuildConfiguration;
			buildSettings = {
				BUNDLE_LOADER = "$(TEST_HOST)";
				GENERATE_INFOPLIST_FILE = YES;
				LD_RUNPATH_SEARCH_PATHS = (
					"$(inherited)",
					"@executable_path/Frameworks",
					"@loader_path/Frameworks",
				);
				PRODUCT_BUNDLE_IDENTIFIER = app.perch.ios.uitests;
				SDKROOT = iphoneos;
				TARGETED_DEVICE_FAMILY = "1,2";
				TEST_TARGET_NAME = Perch;
			};
			name = Debug;
		};
/* End XCBuildConfiguration section */

/* Begin XCConfigurationList section */
		4E7BAC100ADA994FCF785195 /* Build configuration list for PBXNativeTarget "Perch" */ = {
			isa = XCConfigurationList;
			buildConfigurations = (
				204E4DAFE4A978BD53C4066A /* Debug */,
				DD1BC7C1BF042D41AC16AD92 /* Release */,
			);
			defaultConfigurationIsVisible = 0;
			defaultConfigurationName = Debug;
		};
		C199B9FDCD53A92EEFB0AF6B /* Build configuration list for PBXNativeTarget "PerchWidgets" */ = {
			isa = XCConfigurationList;
			buildConfigurations = (
				267A7D118BF180281ABE123F /* Debug */,
				17703D9DB8EDEF85959F9F31 /* Release */,
			);
			defaultConfigurationIsVisible = 0;
			defaultConfigurationName = Debug;
		};
		E32370E5E3C83C4A92520FF5 /* Build configuration list for PBXNativeTarget "PerchUITests" */ = {
			isa = XCConfigurationList;
			buildConfigurations = (
				E688591DEF9913571FD2AA78 /* Debug */,
				7E6744030DB0BDBB7734160A /* Release */,
			);
			defaultConfigurationIsVisible = 0;
			defaultConfigurationName = Debug;
		};
		E6AE955975C9C0B42C636FA3 /* Build configuration list for PBXProject "Perch" */ = {
			isa = XCConfigurationList;
			buildConfigurations = (
				99C45836D2F1D4E548E783B4 /* Debug */,
				0F6AD60D2124FA67F1FB6499 /* Release */,
			);
			defaultConfigurationIsVisible = 0;
			defaultConfigurationName = Debug;
		};
/* End XCConfigurationList section */

/* Begin XCLocalSwiftPackageReference section */
		4F5B4E12B97B5C8B05C55120 /* XCLocalSwiftPackageReference "PerchKit" */ = {
			isa = XCLocalSwiftPackageReference;
			relativePath = PerchKit;
		};
/* End XCLocalSwiftPackageReference section */

/* Begin XCSwiftPackageProductDependency section */
		449DC645D4E74B6AC6724081 /* PerchKit */ = {
			isa = XCSwiftPackageProductDependency;
			productName = PerchKit;
		};
/* End XCSwiftPackageProductDependency section */
	};
	rootObject = 78904F42286EE3E52ED2700B /* Project object */;
}
